
Microsoft Visual Studio Solution File, Format Version 12.00
# Visual Studio 15
VisualStudioVersion = 15.0.27428.2005
MinimumVisualStudioVersion = 10.0.40219.1
Project("{9A19103F-16F7-4668-BE54-9A1E7A4F7556}") = "LaxWebApplication", "LaxWebApplication\LaxWebApplication.csproj", "{2CF3C462-6146-42BF-90BD-1FB0250059AB}"
EndProject
Project("{2150E333-8FDC-42A3-9474-1A3956D46DE8}") = "Solution Items", "Solution Items", "{1BDBC664-D766-4CEC-9073-ADC486BDE14A}"
EndProject
Global
	GlobalSection(SolutionConfigurationPlatforms) = preSolution
		Debug|Any CPU = Debug|Any CPU
		Release|Any CPU = Release|Any CPU
	EndGlobalSection
	GlobalSection(ProjectConfigurationPlatforms) = postSolution
		{2CF3C462-6146-42BF-90BD-1FB0250059AB}.Debug|Any CPU.ActiveCfg = Debug|Any CPU
		{2CF3C462-6146-42BF-90BD-1FB0250059AB}.Debug|Any CPU.Build.0 = Debug|Any CPU
		{2CF3C462-6146-42BF-90BD-1FB0250059AB}.Release|Any CPU.ActiveCfg = Release|Any CPU
		{2CF3C462-6146-42BF-90BD-1FB0250059AB}.Release|Any CPU.Build.0 = Release|Any CPU
	EndGlobalSection
	GlobalSection(SolutionProperties) = preSolution
		HideSolutionNode = FALSE
	EndGlobalSection
	GlobalSection(ExtensibilityGlobals) = postSolution
		SolutionGuid = {87F5DC53-08D4-4064-8069-43F63D3E74FF}
	EndGlobalSection
EndGlobal
